// !$*UTF8*$!
{
	archiveVersion = 1;
	classes = {
	};
	objectVersion = 55;
	objects = {

/* Begin PBXBuildFile section */
		748BB3EC34D1AAB0ED52386B /* Pods_aft_ios.framework in Frameworks */ = {isa = PBXBuildFile; fileRef = 5D2AB6A5CEBE58A9ED19E608 /* Pods_aft_ios.framework */; };
		ACEE2988282ECCA800D0DCD1 /* aft_iosApp.swift in Sources */ = {isa = PBXBuildFile; fileRef = ACEE2987282ECCA800D0DCD1 /* aft_iosApp.swift */; };
		ACEE298A282ECCA800D0DCD1 /* MainView.swift in Sources */ = {isa = PBXBuildFile; fileRef = ACEE2989282ECCA800D0DCD1 /* MainView.swift */; };
		ACEE298C282ECCAA00D0DCD1 /* Assets.xcassets in Resources */ = {isa = PBXBuildFile; fileRef = ACEE298B282ECCAA00D0DCD1 /* Assets.xcassets */; };
		ACEE298F282ECCAA00D0DCD1 /* Preview Assets.xcassets in Resources */ = {isa = PBXBuildFile; fileRef = ACEE298E282ECCAA00D0DCD1 /* Preview Assets.xcassets */; };
		ACEE299A282ECDDF00D0DCD1 /* ChecklistsList.swift in Sources */ = {isa = PBXBuildFile; fileRef = ACEE2999282ECDDF00D0DCD1 /* ChecklistsList.swift */; };
		ACEE299C282ECDE700D0DCD1 /* Auth.swift in Sources */ = {isa = PBXBuildFile; fileRef = ACEE299B282ECDE700D0DCD1 /* Auth.swift */; };
		ACEE29A0282F0BC000D0DCD1 /* AccountManagement.swift in Sources */ = {isa = PBXBuildFile; fileRef = ACEE299F282F0BC000D0DCD1 /* AccountManagement.swift */; };
		ACEE29A3282FF42D00D0DCD1 /* AftAPI.swift in Sources */ = {isa = PBXBuildFile; fileRef = ACEE29A2282FF42D00D0DCD1 /* AftAPI.swift */; };
		ACEE29A6282FF4B800D0DCD1 /* Interceptors.swift in Sources */ = {isa = PBXBuildFile; fileRef = ACEE29A5282FF4B800D0DCD1 /* Interceptors.swift */; };
		ACEE29A92830016E00D0DCD1 /* AuthUtils.swift in Sources */ = {isa = PBXBuildFile; fileRef = ACEE29A82830016E00D0DCD1 /* AuthUtils.swift */; };
		ACEE29AC2830070D00D0DCD1 /* ChecklistCard.swift in Sources */ = {isa = PBXBuildFile; fileRef = ACEE29AB2830070D00D0DCD1 /* ChecklistCard.swift */; };
		ACEE29AE28305E3B00D0DCD1 /* ChecklistDetail.swift in Sources */ = {isa = PBXBuildFile; fileRef = ACEE29AD28305E3B00D0DCD1 /* ChecklistDetail.swift */; };
		ACEE29B228317E5800D0DCD1 /* ChecklistEntry.swift in Sources */ = {isa = PBXBuildFile; fileRef = ACEE29B128317E5800D0DCD1 /* ChecklistEntry.swift */; };
/* End PBXBuildFile section */

/* Begin PBXFileReference section */
		5D2AB6A5CEBE58A9ED19E608 /* Pods_aft_ios.framework */ = {isa = PBXFileReference; explicitFileType = wrapper.framework; includeInIndex = 0; path = Pods_aft_ios.framework; sourceTree = BUILT_PRODUCTS_DIR; };
		680A3A1130058D0C5794C07E /* Pods-aft-ios.debug.xcconfig */ = {isa = PBXFileReference; includeInIndex = 1; lastKnownFileType = text.xcconfig; name = "Pods-aft-ios.debug.xcconfig"; path = "Target Support Files/Pods-aft-ios/Pods-aft-ios.debug.xcconfig"; sourceTree = "<group>"; };
		ACEE2984282ECCA800D0DCD1 /* aft-ios.app */ = {isa = PBXFileReference; explicitFileType = wrapper.application; includeInIndex = 0; path = "aft-ios.app"; sourceTree = BUILT_PRODUCTS_DIR; };
		ACEE2987282ECCA800D0DCD1 /* aft_iosApp.swift */ = {isa = PBXFileReference; lastKnownFileType = sourcecode.swift; path = aft_iosApp.swift; sourceTree = "<group>"; };
		ACEE2989282ECCA800D0DCD1 /* MainView.swift */ = {isa = PBXFileReference; lastKnownFileType = sourcecode.swift; path = MainView.swift; sourceTree = "<group>"; };
		ACEE298B282ECCAA00D0DCD1 /* Assets.xcassets */ = {isa = PBXFileReference; lastKnownFileType = folder.assetcatalog; path = Assets.xcassets; sourceTree = "<group>"; };
		ACEE298E282ECCAA00D0DCD1 /* Preview Assets.xcassets */ = {isa = PBXFileReference; lastKnownFileType = folder.assetcatalog; path = "Preview Assets.xcassets"; sourceTree = "<group>"; };
		ACEE2999282ECDDF00D0DCD1 /* ChecklistsList.swift */ = {isa = PBXFileReference; lastKnownFileType = sourcecode.swift; path = ChecklistsList.swift; sourceTree = "<group>"; };
		ACEE299B282ECDE700D0DCD1 /* Auth.swift */ = {isa = PBXFileReference; lastKnownFileType = sourcecode.swift; path = Auth.swift; sourceTree = "<group>"; };
		ACEE299D282ECE1600D0DCD1 /* Info.plist */ = {isa = PBXFileReference; lastKnownFileType = text.plist; path = Info.plist; sourceTree = "<group>"; };
		ACEE299F282F0BC000D0DCD1 /* AccountManagement.swift */ = {isa = PBXFileReference; lastKnownFileType = sourcecode.swift; path = AccountManagement.swift; sourceTree = "<group>"; };
		ACEE29A2282FF42D00D0DCD1 /* AftAPI.swift */ = {isa = PBXFileReference; lastKnownFileType = sourcecode.swift; path = AftAPI.swift; sourceTree = "<group>"; };
		ACEE29A5282FF4B800D0DCD1 /* Interceptors.swift */ = {isa = PBXFileReference; lastKnownFileType = sourcecode.swift; path = Interceptors.swift; sourceTree = "<group>"; };
		ACEE29A82830016E00D0DCD1 /* AuthUtils.swift */ = {isa = PBXFileReference; lastKnownFileType = sourcecode.swift; path = AuthUtils.swift; sourceTree = "<group>"; };
		ACEE29AB2830070D00D0DCD1 /* ChecklistCard.swift */ = {isa = PBXFileReference; lastKnownFileType = sourcecode.swift; path = ChecklistCard.swift; sourceTree = "<group>"; };
		ACEE29AD28305E3B00D0DCD1 /* ChecklistDetail.swift */ = {isa = PBXFileReference; lastKnownFileType = sourcecode.swift; path = ChecklistDetail.swift; sourceTree = "<group>"; };
		ACEE29B128317E5800D0DCD1 /* ChecklistEntry.swift */ = {isa = PBXFileReference; lastKnownFileType = sourcecode.swift; path = ChecklistEntry.swift; sourceTree = "<group>"; };
		B03594C1AF1FBA7949EDC37B /* Pods-aft-ios.release.xcconfig */ = {isa = PBXFileReference; includeInIndex = 1; lastKnownFileType = text.xcconfig; name = "Pods-aft-ios.release.xcconfig"; path = "Target Support Files/Pods-aft-ios/Pods-aft-ios.release.xcconfig"; sourceTree = "<group>"; };
/* End PBXFileReference section */

/* Begin PBXFrameworksBuildPhase section */
		ACEE2981282ECCA800D0DCD1 /* Frameworks */ = {
			isa = PBXFrameworksBuildPhase;
			buildActionMask = 2147483647;
			files = (
				748BB3EC34D1AAB0ED52386B /* Pods_aft_ios.framework in Frameworks */,
			);
			runOnlyForDeploymentPostprocessing = 0;
		};
/* End PBXFrameworksBuildPhase section */

/* Begin PBXGroup section */
		8105254B884F676863239EB5 /* Frameworks */ = {
			isa = PBXGroup;
			children = (
				5D2AB6A5CEBE58A9ED19E608 /* Pods_aft_ios.framework */,
			);
			name = Frameworks;
			sourceTree = "<group>";
		};
		8414253397117A02DF7CFD64 /* Pods */ = {
			isa = PBXGroup;
			children = (
				680A3A1130058D0C5794C07E /* Pods-aft-ios.debug.xcconfig */,
				B03594C1AF1FBA7949EDC37B /* Pods-aft-ios.release.xcconfig */,
			);
			path = Pods;
			sourceTree = "<group>";
		};
		ACEE297B282ECCA700D0DCD1 = {
			isa = PBXGroup;
			children = (
				ACEE2986282ECCA800D0DCD1 /* aft-ios */,
				ACEE2985282ECCA800D0DCD1 /* Products */,
				8414253397117A02DF7CFD64 /* Pods */,
				8105254B884F676863239EB5 /* Frameworks */,
			);
			sourceTree = "<group>";
		};
		ACEE2985282ECCA800D0DCD1 /* Products */ = {
			isa = PBXGroup;
			children = (
				ACEE2984282ECCA800D0DCD1 /* aft-ios.app */,
			);
			name = Products;
			sourceTree = "<group>";
		};
		ACEE2986282ECCA800D0DCD1 /* aft-ios */ = {
			isa = PBXGroup;
			children = (
				ACEE299D282ECE1600D0DCD1 /* Info.plist */,
				ACEE29A72830016300D0DCD1 /* utils */,
				ACEE29A4282FF4AD00D0DCD1 /* networking */,
				ACEE2996282ECCF400D0DCD1 /* model */,
				ACEE2995282ECCCC00D0DCD1 /* views */,
				ACEE2987282ECCA800D0DCD1 /* aft_iosApp.swift */,
				ACEE2989282ECCA800D0DCD1 /* MainView.swift */,
				ACEE298B282ECCAA00D0DCD1 /* Assets.xcassets */,
				ACEE298D282ECCAA00D0DCD1 /* Preview Content */,
			);
			path = "aft-ios";
			sourceTree = "<group>";
		};
		ACEE298D282ECCAA00D0DCD1 /* Preview Content */ = {
			isa = PBXGroup;
			children = (
				ACEE298E282ECCAA00D0DCD1 /* Preview Assets.xcassets */,
			);
			path = "Preview Content";
			sourceTree = "<group>";
		};
		ACEE2995282ECCCC00D0DCD1 /* views */ = {
			isa = PBXGroup;
			children = (
				ACEE29AF28317E2700D0DCD1 /* checklists-detail */,
				ACEE29A1282FF1E900D0DCD1 /* checklists-list */,
				ACEE299B282ECDE700D0DCD1 /* Auth.swift */,
				ACEE299F282F0BC000D0DCD1 /* AccountManagement.swift */,
			);
			path = views;
			sourceTree = "<group>";
		};
		ACEE2996282ECCF400D0DCD1 /* model */ = {
			isa = PBXGroup;
			children = (
				ACEE29A2282FF42D00D0DCD1 /* AftAPI.swift */,
			);
			path = model;
			sourceTree = "<group>";
		};
		ACEE29A1282FF1E900D0DCD1 /* checklists-list */ = {
			isa = PBXGroup;
			children = (
				ACEE29AA2830040000D0DCD1 /* components */,
				ACEE2999282ECDDF00D0DCD1 /* ChecklistsList.swift */,
			);
			path = "checklists-list";
			sourceTree = "<group>";
		};
		ACEE29A4282FF4AD00D0DCD1 /* networking */ = {
			isa = PBXGroup;
			children = (
				ACEE29A5282FF4B800D0DCD1 /* Interceptors.swift */,
			);
			path = networking;
			sourceTree = "<group>";
		};
		ACEE29A72830016300D0DCD1 /* utils */ = {
			isa = PBXGroup;
			children = (
				ACEE29A82830016E00D0DCD1 /* AuthUtils.swift */,
			);
			path = utils;
			sourceTree = "<group>";
		};
		ACEE29AA2830040000D0DCD1 /* components */ = {
			isa = PBXGroup;
			children = (
				ACEE29AB2830070D00D0DCD1 /* ChecklistCard.swift */,
			);
			path = components;
			sourceTree = "<group>";
		};
		ACEE29AF28317E2700D0DCD1 /* checklists-detail */ = {
			isa = PBXGroup;
			children = (
				ACEE29B028317E4D00D0DCD1 /* components */,
				ACEE29AD28305E3B00D0DCD1 /* ChecklistDetail.swift */,
			);
			path = "checklists-detail";
			sourceTree = "<group>";
		};
		ACEE29B028317E4D00D0DCD1 /* components */ = {
			isa = PBXGroup;
			children = (
				ACEE29B128317E5800D0DCD1 /* ChecklistEntry.swift */,
			);
			path = components;
			sourceTree = "<group>";
		};
/* End PBXGroup section */

/* Begin PBXNativeTarget section */
		ACEE2983282ECCA800D0DCD1 /* aft-ios */ = {
			isa = PBXNativeTarget;
			buildConfigurationList = ACEE2992282ECCAA00D0DCD1 /* Build configuration list for PBXNativeTarget "aft-ios" */;
			buildPhases = (
				F09E4356AFD8FB764228C008 /* [CP] Check Pods Manifest.lock */,
				ACEE2980282ECCA800D0DCD1 /* Sources */,
				ACEE2981282ECCA800D0DCD1 /* Frameworks */,
				ACEE2982282ECCA800D0DCD1 /* Resources */,
				D03DEE6BB350CEBAAD98ADF0 /* [CP] Embed Pods Frameworks */,
			);
			buildRules = (
			);
			dependencies = (
			);
			name = "aft-ios";
			productName = "aft-ios";
			productReference = ACEE2984282ECCA800D0DCD1 /* aft-ios.app */;
			productType = "com.apple.product-type.application";
		};
/* End PBXNativeTarget section */

/* Begin PBXProject section */
		ACEE297C282ECCA700D0DCD1 /* Project object */ = {
			isa = PBXProject;
			attributes = {
				BuildIndependentTargetsInParallel = 1;
				LastSwiftUpdateCheck = 1330;
				LastUpgradeCheck = 1330;
				TargetAttributes = {
					ACEE2983282ECCA800D0DCD1 = {
						CreatedOnToolsVersion = 13.3.1;
					};
				};
			};
			buildConfigurationList = ACEE297F282ECCA700D0DCD1 /* Build configuration list for PBXProject "aft-ios" */;
			compatibilityVersion = "Xcode 13.0";
			developmentRegion = en;
			hasScannedForEncodings = 0;
			knownRegions = (
				en,
				Base,
			);
			mainGroup = ACEE297B282ECCA700D0DCD1;
			productRefGroup = ACEE2985282ECCA800D0DCD1 /* Products */;
			projectDirPath = "";
			projectRoot = "";
			targets = (
				ACEE2983282ECCA800D0DCD1 /* aft-ios */,
			);
		};
/* End PBXProject section */

/* Begin PBXResourcesBuildPhase section */
		ACEE2982282ECCA800D0DCD1 /* Resources */ = {
			isa = PBXResourcesBuildPhase;
			buildActionMask = 2147483647;
			files = (
				ACEE298F282ECCAA00D0DCD1 /* Preview Assets.xcassets in Resources */,
				ACEE298C282ECCAA00D0DCD1 /* Assets.xcassets in Resources */,
			);
			runOnlyForDeploymentPostprocessing = 0;
		};
/* End PBXResourcesBuildPhase section */

/* Begin PBXShellScriptBuildPhase section */
		D03DEE6BB350CEBAAD98ADF0 /* [CP] Embed Pods Frameworks */ = {
			isa = PBXShellScriptBuildPhase;
			buildActionMask = 2147483647;
			files = (
			);
			inputFileListPaths = (
				"${PODS_ROOT}/Target Support Files/Pods-aft-ios/Pods-aft-ios-frameworks-${CONFIGURATION}-input-files.xcfilelist",
			);
			name = "[CP] Embed Pods Frameworks";
			outputFileListPaths = (
				"${PODS_ROOT}/Target Support Files/Pods-aft-ios/Pods-aft-ios-frameworks-${CONFIGURATION}-output-files.xcfilelist",
			);
			runOnlyForDeploymentPostprocessing = 0;
			shellPath = /bin/sh;
			shellScript = "\"${PODS_ROOT}/Target Support Files/Pods-aft-ios/Pods-aft-ios-frameworks.sh\"\n";
			showEnvVarsInLog = 0;
		};
		F09E4356AFD8FB764228C008 /* [CP] Check Pods Manifest.lock */ = {
			isa = PBXShellScriptBuildPhase;
			buildActionMask = 2147483647;
			files = (
			);
			inputFileListPaths = (
			);
			inputPaths = (
				"${PODS_PODFILE_DIR_PATH}/Podfile.lock",
				"${PODS_ROOT}/Manifest.lock",
			);
			name = "[CP] Check Pods Manifest.lock";
			outputFileListPaths = (
			);
			outputPaths = (
				"$(DERIVED_FILE_DIR)/Pods-aft-ios-checkManifestLockResult.txt",
			);
			runOnlyForDeploymentPostprocessing = 0;
			shellPath = /bin/sh;
			shellScript = "diff \"${PODS_PODFILE_DIR_PATH}/Podfile.lock\" \"${PODS_ROOT}/Manifest.lock\" > /dev/null\nif [ $? != 0 ] ; then\n    # print error to STDERR\n    echo \"error: The sandbox is not in sync with the Podfile.lock. Run 'pod install' or update your CocoaPods installation.\" >&2\n    exit 1\nfi\n# This output is used by Xcode 'outputs' to avoid re-running this script phase.\necho \"SUCCESS\" > \"${SCRIPT_OUTPUT_FILE_0}\"\n";
			showEnvVarsInLog = 0;
		};
/* End PBXShellScriptBuildPhase section */

/* Begin PBXSourcesBuildPhase section */
		ACEE2980282ECCA800D0DCD1 /* Sources */ = {
			isa = PBXSourcesBuildPhase;
			buildActionMask = 2147483647;
			files = (
				ACEE29AC2830070D00D0DCD1 /* ChecklistCard.swift in Sources */,
				ACEE299C282ECDE700D0DCD1 /* Auth.swift in Sources */,
				ACEE298A282ECCA800D0DCD1 /* MainView.swift in Sources */,
				ACEE29A0282F0BC000D0DCD1 /* AccountManagement.swift in Sources */,
				ACEE2988282ECCA800D0DCD1 /* aft_iosApp.swift in Sources */,
				ACEE29A3282FF42D00D0DCD1 /* AftAPI.swift in Sources */,
				ACEE299A282ECDDF00D0DCD1 /* ChecklistsList.swift in Sources */,
				ACEE29A92830016E00D0DCD1 /* AuthUtils.swift in Sources */,
				ACEE29AE28305E3B00D0DCD1 /* ChecklistDetail.swift in Sources */,
				ACEE29A6282FF4B800D0DCD1 /* Interceptors.swift in Sources */,
				ACEE29B228317E5800D0DCD1 /* ChecklistEntry.swift in Sources */,
			);
			runOnlyForDeploymentPostprocessing = 0;
		};
/* End PBXSourcesBuildPhase section */

/* Begin XCBuildConfiguration section */
		ACEE2990282ECCAA00D0DCD1 /* Debug */ = {
			isa = XCBuildConfiguration;
			buildSettings = {
				ALWAYS_SEARCH_USER_PATHS = NO;
				CLANG_ANALYZER_NONNULL = YES;
				CLANG_ANALYZER_NUMBER_OBJECT_CONVERSION = YES_AGGRESSIVE;
				CLANG_CXX_LANGUAGE_STANDARD = "gnu++17";
				CLANG_ENABLE_MODULES = YES;
				CLANG_ENABLE_OBJC_ARC = YES;
				CLANG_ENABLE_OBJC_WEAK = YES;
				CLANG_WARN_BLOCK_CAPTURE_AUTORELEASING = YES;
				CLANG_WARN_BOOL_CONVERSION = YES;
				CLANG_WARN_COMMA = YES;
				CLANG_WARN_CONSTANT_CONVERSION = YES;
				CLANG_WARN_DEPRECATED_OBJC_IMPLEMENTATIONS = YES;
				CLANG_WARN_DIRECT_OBJC_ISA_USAGE = YES_ERROR;
				CLANG_WARN_DOCUMENTATION_COMMENTS = YES;
				CLANG_WARN_EMPTY_BODY = YES;
				CLANG_WARN_ENUM_CONVERSION = YES;
				CLANG_WARN_INFINITE_RECURSION = YES;
				CLANG_WARN_INT_CONVERSION = YES;
				CLANG_WARN_NON_LITERAL_NULL_CONVERSION = YES;
				CLANG_WARN_OBJC_IMPLICIT_RETAIN_SELF = YES;
				CLANG_WARN_OBJC_LITERAL_CONVERSION = YES;
				CLANG_WARN_OBJC_ROOT_CLASS = YES_ERROR;
				CLANG_WARN_QUOTED_INCLUDE_IN_FRAMEWORK_HEADER = YES;
				CLANG_WARN_RANGE_LOOP_ANALYSIS = YES;
				CLANG_WARN_STRICT_PROTOTYPES = YES;
				CLANG_WARN_SUSPICIOUS_MOVE = YES;
				CLANG_WARN_UNGUARDED_AVAILABILITY = YES_AGGRESSIVE;
				CLANG_WARN_UNREACHABLE_CODE = YES;
				CLANG_WARN__DUPLICATE_METHOD_MATCH = YES;
				COPY_PHASE_STRIP = NO;
				DEBUG_INFORMATION_FORMAT = dwarf;
				ENABLE_STRICT_OBJC_MSGSEND = YES;
				ENABLE_TESTABILITY = YES;
				GCC_C_LANGUAGE_STANDARD = gnu11;
				GCC_DYNAMIC_NO_PIC = NO;
				GCC_NO_COMMON_BLOCKS = YES;
				GCC_OPTIMIZATION_LEVEL = 0;
				GCC_PREPROCESSOR_DEFINITIONS = (
					"DEBUG=1",
					"$(inherited)",
				);
				GCC_WARN_64_TO_32_BIT_CONVERSION = YES;
				GCC_WARN_ABOUT_RETURN_TYPE = YES_ERROR;
				GCC_WARN_UNDECLARED_SELECTOR = YES;
				GCC_WARN_UNINITIALIZED_AUTOS = YES_AGGRESSIVE;
				GCC_WARN_UNUSED_FUNCTION = YES;
				GCC_WARN_UNUSED_VARIABLE = YES;
				IPHONEOS_DEPLOYMENT_TARGET = 15.4;
				MTL_ENABLE_DEBUG_INFO = INCLUDE_SOURCE;
				MTL_FAST_MATH = YES;
				ONLY_ACTIVE_ARCH = YES;
				SDKROOT = iphoneos;
				SWIFT_ACTIVE_COMPILATION_CONDITIONS = DEBUG;
				SWIFT_OPTIMIZATION_LEVEL = "-Onone";
			};
			name = Debug;
		};
		ACEE2991282ECCAA00D0DCD1 /* Release */ = {
			isa = XCBuildConfiguration;
			buildSettings = {
				ALWAYS_SEARCH_USER_PATHS = NO;
				CLANG_ANALYZER_NONNULL = YES;
				CLANG_ANALYZER_NUMBER_OBJECT_CONVERSION = YES_AGGRESSIVE;
				CLANG_CXX_LANGUAGE_STANDARD = "gnu++17";
				CLANG_ENABLE_MODULES = YES;
				CLANG_ENABLE_OBJC_ARC = YES;
				CLANG_ENABLE_OBJC_WEAK = YES;
				CLANG_WARN_BLOCK_CAPTURE_AUTORELEASING = YES;
				CLANG_WARN_BOOL_CONVERSION = YES;
				CLANG_WARN_COMMA = YES;
				CLANG_WARN_CONSTANT_CONVERSION = YES;
				CLANG_WARN_DEPRECATED_OBJC_IMPLEMENTATIONS = YES;
				CLANG_WARN_DIRECT_OBJC_ISA_USAGE = YES_ERROR;
				CLANG_WARN_DOCUMENTATION_COMMENTS = YES;
				CLANG_WARN_EMPTY_BODY = YES;
				CLANG_WARN_ENUM_CONVERSION = YES;
				CLANG_WARN_INFINITE_RECURSION = YES;
				CLANG_WARN_INT_CONVERSION = YES;
				CLANG_WARN_NON_LITERAL_NULL_CONVERSION = YES;
				CLANG_WARN_OBJC_IMPLICIT_RETAIN_SELF = YES;
				CLANG_WARN_OBJC_LITERAL_CONVERSION = YES;
				CLANG_WARN_OBJC_ROOT_CLASS = YES_ERROR;
				CLANG_WARN_QUOTED_INCLUDE_IN_FRAMEWORK_HEADER = YES;
				CLANG_WARN_RANGE_LOOP_ANALYSIS = YES;
				CLANG_WARN_STRICT_PROTOTYPES = YES;
				CLANG_WARN_SUSPICIOUS_MOVE = YES;
				CLANG_WARN_UNGUARDED_AVAILABILITY = YES_AGGRESSIVE;
				CLANG_WARN_UNREACHABLE_CODE = YES;
				CLANG_WARN__DUPLICATE_METHOD_MATCH = YES;
				COPY_PHASE_STRIP = NO;
				DEBUG_INFORMATION_FORMAT = "dwarf-with-dsym";
				ENABLE_NS_ASSERTIONS = NO;
				ENABLE_STRICT_OBJC_MSGSEND = YES;
				GCC_C_LANGUAGE_STANDARD = gnu11;
				GCC_NO_COMMON_BLOCKS = YES;
				GCC_WARN_64_TO_32_BIT_CONVERSION = YES;
				GCC_WARN_ABOUT_RETURN_TYPE = YES_ERROR;
				GCC_WARN_UNDECLARED_SELECTOR = YES;
				GCC_WARN_UNINITIALIZED_AUTOS = YES_AGGRESSIVE;
				GCC_WARN_UNUSED_FUNCTION = YES;
				GCC_WARN_UNUSED_VARIABLE = YES;
				IPHONEOS_DEPLOYMENT_TARGET = 15.4;
				MTL_ENABLE_DEBUG_INFO = NO;
				MTL_FAST_MATH = YES;
				SDKROOT = iphoneos;
				SWIFT_COMPILATION_MODE = wholemodule;
				SWIFT_OPTIMIZATION_LEVEL = "-O";
				VALIDATE_PRODUCT = YES;
			};
			name = Release;
		};
		ACEE2993282ECCAA00D0DCD1 /* Debug */ = {
			isa = XCBuildConfiguration;
			baseConfigurationReference = 680A3A1130058D0C5794C07E /* Pods-aft-ios.debug.xcconfig */;
			buildSettings = {
				ASSETCATALOG_COMPILER_APPICON_NAME = AppIcon;
				ASSETCATALOG_COMPILER_GLOBAL_ACCENT_COLOR_NAME = AccentColor;
				CODE_SIGN_STYLE = Automatic;
				CURRENT_PROJECT_VERSION = 1;
				DEVELOPMENT_ASSET_PATHS = "\"aft-ios/Preview Content\"";
				DEVELOPMENT_TEAM = 5P58GHJQNV;
				ENABLE_PREVIEWS = YES;
				GENERATE_INFOPLIST_FILE = YES;
				INFOPLIST_FILE = "aft-ios/Info.plist";
				INFOPLIST_KEY_CFBundleDisplayName = AFT;
				INFOPLIST_KEY_UIApplicationSceneManifest_Generation = YES;
				INFOPLIST_KEY_UIApplicationSupportsIndirectInputEvents = YES;
				INFOPLIST_KEY_UILaunchScreen_Generation = YES;
				INFOPLIST_KEY_UISupportedInterfaceOrientations_iPad = "UIInterfaceOrientationPortrait UIInterfaceOrientationPortraitUpsideDown UIInterfaceOrientationLandscapeLeft UIInterfaceOrientationLandscapeRight";
				INFOPLIST_KEY_UISupportedInterfaceOrientations_iPhone = "UIInterfaceOrientationPortrait UIInterfaceOrientationLandscapeLeft UIInterfaceOrientationLandscapeRight";
				LD_RUNPATH_SEARCH_PATHS = (
					"$(inherited)",
					"@executable_path/Frameworks",
				);
				MARKETING_VERSION = 1.0;
				PRODUCT_BUNDLE_IDENTIFIER = "chestersapps.aft-ios";
				PRODUCT_NAME = "$(TARGET_NAME)";
				SWIFT_EMIT_LOC_STRINGS = YES;
				SWIFT_VERSION = 5.0;
				TARGETED_DEVICE_FAMILY = "1,2";
			};
			name = Debug;
		};
		ACEE2994282ECCAA00D0DCD1 /* Release */ = {
			isa = XCBuildConfiguration;
			baseConfigurationReference = B03594C1AF1FBA7949EDC37B /* Pods-aft-ios.release.xcconfig */;
			buildSettings = {
				ASSETCATALOG_COMPILER_APPICON_NAME = AppIcon;
				ASSETCATALOG_COMPILER_GLOBAL_ACCENT_COLOR_NAME = AccentColor;
				CODE_SIGN_STYLE = Automatic;
				CURRENT_PROJECT_VERSION = 1;
				DEVELOPMENT_ASSET_PATHS = "\"aft-ios/Preview Content\"";
				DEVELOPMENT_TEAM = 5P58GHJQNV;
				ENABLE_PREVIEWS = YES;
				GENERATE_INFOPLIST_FILE = YES;
				INFOPLIST_FILE = "aft-ios/Info.plist";
				INFOPLIST_KEY_CFBundleDisplayName = AFT;
				INFOPLIST_KEY_UIApplicationSceneManifest_Generation = YES;
				INFOPLIST_KEY_UIApplicationSupportsIndirectInputEvents = YES;
				INFOPLIST_KEY_UILaunchScreen_Generation = YES;
				INFOPLIST_KEY_UISupportedInterfaceOrientations_iPad = "UIInterfaceOrientationPortrait UIInterfaceOrientationPortraitUpsideDown UIInterfaceOrientationLandscapeLeft UIInterfaceOrientationLandscapeRight";
				INFOPLIST_KEY_UISupportedInterfaceOrientations_iPhone = "UIInterfaceOrientationPortrait UIInterfaceOrientationLandscapeLeft UIInterfaceOrientationLandscapeRight";
				LD_RUNPATH_SEARCH_PATHS = (
					"$(inherited)",
					"@executable_path/Frameworks",
				);
				MARKETING_VERSION = 1.0;
				PRODUCT_BUNDLE_IDENTIFIER = "chestersapps.aft-ios";
				PRODUCT_NAME = "$(TARGET_NAME)";
				SWIFT_EMIT_LOC_STRINGS = YES;
				SWIFT_VERSION = 5.0;
				TARGETED_DEVICE_FAMILY = "1,2";
			};
			name = Release;
		};
/* End XCBuildConfiguration section */

/* Begin XCConfigurationList section */
		ACEE297F282ECCA700D0DCD1 /* Build configuration list for PBXProject "aft-ios" */ = {
			isa = XCConfigurationList;
			buildConfigurations = (
				ACEE2990282ECCAA00D0DCD1 /* Debug */,
				ACEE2991282ECCAA00D0DCD1 /* Release */,
			);
			defaultConfigurationIsVisible = 0;
			defaultConfigurationName = Release;
		};
		ACEE2992282ECCAA00D0DCD1 /* Build configuration list for PBXNativeTarget "aft-ios" */ = {
			isa = XCConfigurationList;
			buildConfigurations = (
				ACEE2993282ECCAA00D0DCD1 /* Debug */,
				ACEE2994282ECCAA00D0DCD1 /* Release */,
			);
			defaultConfigurationIsVisible = 0;
			defaultConfigurationName = Release;
		};
/* End XCConfigurationList section */
	};
	rootObject = ACEE297C282ECCA700D0DCD1 /* Project object */;
}
